
Microsoft Visual Studio Solution File, Format Version 12.00
# Visual Studio Version 17
VisualStudioVersion = 17.4.33205.214
MinimumVisualStudioVersion = 10.0.40219.1
Project("{FAE04EC0-301F-11D3-BF4B-00C04F79EFBC}") = "demo-mstest-swp", "demo-mstest-swp\demo-mstest-swp.csproj", "{8074EF57-B012-4950-ABCC-6EE59A6118A9}"
EndProject
Project("{FAE04EC0-301F-11D3-BF4B-00C04F79EFBC}") = "UnitTesting", "UnitTesting\UnitTesting.csproj", "{B1D9F188-0D39-44C9-BD51-77E5D780B2D1}"
EndProject
Global
	GlobalSection(SolutionConfigurationPlatforms) = preSolution
		Debug|Any CPU = Debug|Any CPU
		Release|Any CPU = Release|Any CPU
	EndGlobalSection
	GlobalSection(ProjectConfigurationPlatforms) = postSolution
		{8074EF57-B012-4950-ABCC-6EE59A6118A9}.Debug|Any CPU.ActiveCfg = Debug|Any CPU
		{8074EF57-B012-4950-ABCC-6EE59A6118A9}.Debug|Any CPU.Build.0 = Debug|Any CPU
		{8074EF57-B012-4950-ABCC-6EE59A6118A9}.Release|Any CPU.ActiveCfg = Release|Any CPU
		{8074EF57-B012-4950-ABCC-6EE59A6118A9}.Release|Any CPU.Build.0 = Release|Any CPU
		{B1D9F188-0D39-44C9-BD51-77E5D780B2D1}.Debug|Any CPU.ActiveCfg = Debug|Any CPU
		{B1D9F188-0D39-44C9-BD51-77E5D780B2D1}.Debug|Any CPU.Build.0 = Debug|Any CPU
		{B1D9F188-0D39-44C9-BD51-77E5D780B2D1}.Release|Any CPU.ActiveCfg = Release|Any CPU
		{B1D9F188-0D39-44C9-BD51-77E5D780B2D1}.Release|Any CPU.Build.0 = Release|Any CPU
	EndGlobalSection
	GlobalSection(SolutionProperties) = preSolution
		HideSolutionNode = FALSE
	EndGlobalSection
	GlobalSection(ExtensibilityGlobals) = postSolution
		SolutionGuid = {5E695492-35A0-4844-97CF-EE0E332B5442}
	EndGlobalSection
EndGlobal
